
Microsoft Visual Studio Solution File, Format Version 12.00
# Visual Studio 15
VisualStudioVersion = 15.0.28307.489
MinimumVisualStudioVersion = 10.0.40219.1
Project("{FAE04EC0-301F-11D3-BF4B-00C04F79EFBC}") = "Minesweeper", "Minesweeper\Minesweeper.csproj", "{3C853891-F18B-437A-919A-C6F84089F2E3}"
EndProject
Global
	GlobalSection(SolutionConfigurationPlatforms) = preSolution
		Debug|Any CPU = Debug|Any CPU
		Release|Any CPU = Release|Any CPU
	EndGlobalSection
	GlobalSection(ProjectConfigurationPlatforms) = postSolution
		{3C853891-F18B-437A-919A-C6F84089F2E3}.Debug|Any CPU.ActiveCfg = Debug|Any CPU
		{3C853891-F18B-437A-919A-C6F84089F2E3}.Debug|Any CPU.Build.0 = Debug|Any CPU
		{3C853891-F18B-437A-919A-C6F84089F2E3}.Release|Any CPU.ActiveCfg = Release|Any CPU
		{3C853891-F18B-437A-919A-C6F84089F2E3}.Release|Any CPU.Build.0 = Release|Any CPU
	EndGlobalSection
	GlobalSection(SolutionProperties) = preSolution
		HideSolutionNode = FALSE
	EndGlobalSection
	GlobalSection(ExtensibilityGlobals) = postSolution
		SolutionGuid = {5E4A9EAB-A205-4453-9C35-94C43D314F06}
	EndGlobalSection
EndGlobal
