
Microsoft Visual Studio Solution File, Format Version 12.00
# Visual Studio Version 16
VisualStudioVersion = 16.0.30128.74
MinimumVisualStudioVersion = 10.0.40219.1
Project("{FAE04EC0-301F-11D3-BF4B-00C04F79EFBC}") = "Minesweeper", "Minesweeper\Minesweeper.csproj", "{3C853891-F18B-437A-919A-C6F84089F2E3}"
EndProject
Project("{9A19103F-16F7-4668-BE54-9A1E7A4F7556}") = "Minesweeper.Tests", "Minesweeper.Tests\Minesweeper.Tests.csproj", "{5DDD246B-2847-4DAF-8567-C7863216B7DF}"
EndProject
Project("{FAE04EC0-301F-11D3-BF4B-00C04F79EFBC}") = "Minesweeper.WPF", "Minesweeper.WPF\Minesweeper.WPF.csproj", "{09B071B5-8C27-4C56-9CD5-68841BCF3F3D}"
EndProject
Project("{9A19103F-16F7-4668-BE54-9A1E7A4F7556}") = "Minesweeper.Akka.Tests", "Minesweeper.WPF.Tests\Minesweeper.Akka.Tests.csproj", "{DD0F3BB9-1F21-42FA-AB7A-1B197EC56650}"
EndProject
Project("{FAE04EC0-301F-11D3-BF4B-00C04F79EFBC}") = "Minesweeper.Akka", "Mineswepper.Akka\Minesweeper.Akka.csproj", "{3E4C7683-F47A-4123-A544-27F477CC0FFE}"
EndProject
Global
	GlobalSection(SolutionConfigurationPlatforms) = preSolution
		Debug|Any CPU = Debug|Any CPU
		Release|Any CPU = Release|Any CPU
	EndGlobalSection
	GlobalSection(ProjectConfigurationPlatforms) = postSolution
		{3C853891-F18B-437A-919A-C6F84089F2E3}.Debug|Any CPU.ActiveCfg = Debug|Any CPU
		{3C853891-F18B-437A-919A-C6F84089F2E3}.Debug|Any CPU.Build.0 = Debug|Any CPU
		{3C853891-F18B-437A-919A-C6F84089F2E3}.Release|Any CPU.ActiveCfg = Release|Any CPU
		{3C853891-F18B-437A-919A-C6F84089F2E3}.Release|Any CPU.Build.0 = Release|Any CPU
		{5DDD246B-2847-4DAF-8567-C7863216B7DF}.Debug|Any CPU.ActiveCfg = Debug|Any CPU
		{5DDD246B-2847-4DAF-8567-C7863216B7DF}.Debug|Any CPU.Build.0 = Debug|Any CPU
		{5DDD246B-2847-4DAF-8567-C7863216B7DF}.Release|Any CPU.ActiveCfg = Release|Any CPU
		{5DDD246B-2847-4DAF-8567-C7863216B7DF}.Release|Any CPU.Build.0 = Release|Any CPU
		{09B071B5-8C27-4C56-9CD5-68841BCF3F3D}.Debug|Any CPU.ActiveCfg = Debug|Any CPU
		{09B071B5-8C27-4C56-9CD5-68841BCF3F3D}.Debug|Any CPU.Build.0 = Debug|Any CPU
		{09B071B5-8C27-4C56-9CD5-68841BCF3F3D}.Release|Any CPU.ActiveCfg = Release|Any CPU
		{09B071B5-8C27-4C56-9CD5-68841BCF3F3D}.Release|Any CPU.Build.0 = Release|Any CPU
		{DD0F3BB9-1F21-42FA-AB7A-1B197EC56650}.Debug|Any CPU.ActiveCfg = Debug|Any CPU
		{DD0F3BB9-1F21-42FA-AB7A-1B197EC56650}.Debug|Any CPU.Build.0 = Debug|Any CPU
		{DD0F3BB9-1F21-42FA-AB7A-1B197EC56650}.Release|Any CPU.ActiveCfg = Release|Any CPU
		{DD0F3BB9-1F21-42FA-AB7A-1B197EC56650}.Release|Any CPU.Build.0 = Release|Any CPU
		{3E4C7683-F47A-4123-A544-27F477CC0FFE}.Debug|Any CPU.ActiveCfg = Debug|Any CPU
		{3E4C7683-F47A-4123-A544-27F477CC0FFE}.Debug|Any CPU.Build.0 = Debug|Any CPU
		{3E4C7683-F47A-4123-A544-27F477CC0FFE}.Release|Any CPU.ActiveCfg = Release|Any CPU
		{3E4C7683-F47A-4123-A544-27F477CC0FFE}.Release|Any CPU.Build.0 = Release|Any CPU
	EndGlobalSection
	GlobalSection(SolutionProperties) = preSolution
		HideSolutionNode = FALSE
	EndGlobalSection
	GlobalSection(ExtensibilityGlobals) = postSolution
		SolutionGuid = {5E4A9EAB-A205-4453-9C35-94C43D314F06}
	EndGlobalSection
EndGlobal
